{
  "nodes": {
    "nixpkgs": {
      "locked": {
        "lastModified": 1755367460,
        "narHash": "sha256-mPqAxaRmojCHOd8qpLUOxk7BfTRsNCAXHfnsCmploFs=",
        "owner": "NixOS",
        "repo": "nixpkgs",
        "rev": "a05a770b952a7042dd1741830fc5c2fe5cf34cd7",
        "type": "github"
      },
      "original": {
        "owner": "NixOS",
        "repo": "nixpkgs",
        "type": "github"
      }
    },
    "root": {
      "inputs": {
        "nixpkgs": "nixpkgs"
      }
    }
  },
  "root": "root",
  "version": 7
}
