{
  "nodes": {
    "nixpkgs": {
      "locked": {
        "lastModified": 1755367926,
        "narHash": "sha256-EjvnXLLHVo95hchv2mevdcsxtORzk7lo3O9UpoAKq1Y=",
        "owner": "NixOS",
        "repo": "nixpkgs",
        "rev": "48ce06dd94d7673eaf69508358f8af067856f3a3",
        "type": "github"
      },
      "original": {
        "owner": "NixOS",
        "repo": "nixpkgs",
        "rev": "48ce06dd94d7673eaf69508358f8af067856f3a3",
        "type": "github"
      }
    },
    "root": {
      "inputs": {
        "nixpkgs": "nixpkgs"
      }
    }
  },
  "root": "root",
  "version": 7
}
